{
  "version": 1,
  "dependencies": {
    ".NETStandard,Version=v2.0": {
      "Microsoft.NETCore.Platforms": {
        "type": "Direct",
        "requested": "[7.0.4, )",
        "resolved": "7.0.4",
        "contentHash": "yLEHlNN7O5WiND89r42sepgVwy5W/ZoTiFEdJDV7MHR1lW02LL7Nipz2TD5qM/Kx9W3/k3NP+PAP2qUdOm+leg=="
      },
      "Microsoft.SqlServer.TransactSql.ScriptDom": {
        "type": "Direct",
        "requested": "[170.128.0, )",
        "resolved": "170.128.0",
        "contentHash": "NUN9NZaTafC1fSuLiOmfFVNomCx4E4IzA3vsfmJ7LTSy2H8fQTD01J7x3lpZ5CjA8/mKysSXXSVaMoMOVFAR9A=="
      },
      "NETStandard.Library": {
        "type": "Direct",
        "requested": "[2.0.3, )",
        "resolved": "2.0.3",
        "contentHash": "st47PosZSHrjECdjeIzZQbzivYBJFv6P2nv4cj2ypdI204DO+vZ7l5raGMiX4eXMJ53RfOIg+/s4DHVZ54Nu2A==",
        "dependencies": {
          "Microsoft.NETCore.Platforms": "1.1.0"
        }
      },
      "Roslynator.Analyzers": {
        "type": "Direct",
        "requested": "[4.14.1, )",
        "resolved": "4.14.1",
        "contentHash": "yMSjze/xMYDF6PCE60/ULWx0tttNyKAndw2KijNxbKil0FX8nvDeEneDZGma8Uifk17RlfZqIXxf1mmBmhRHjg=="
      },
      "StyleCop.Analyzers": {
        "type": "Direct",
        "requested": "[1.1.118, )",
        "resolved": "1.1.118",
        "contentHash": "Onx6ovGSqXSK07n/0eM3ZusiNdB6cIlJdabQhWGgJp3Vooy9AaLS/tigeybOJAobqbtggTamoWndz72JscZBvw=="
      },
      "TeamTools.Common.Linting": {
        "type": "Direct",
        "requested": "[1.*, )",
        "resolved": "1.6.2414",
        "contentHash": "cYLH2LNo3BDW1VfajNtbgY8yDLcxGU2pGvBa2PsGHj8MRE2TPvFObhyS3lHAJOH2IJezu1LFNJIFCSnj6Ij1SA==",
        "dependencies": {
          "Microsoft.NETCore.Platforms": "7.0.4",
          "Newtonsoft.Json": "13.0.4"
        }
      },
      "Newtonsoft.Json": {
        "type": "Transitive",
        "resolved": "13.0.4",
        "contentHash": "pdgNNMai3zv51W5aq268sujXUyx7SNdE2bj1wZcWjAQrKMFZV260lbqYop1d2GM67JI1huLRwxo9ZqnfF/lC6A=="
      }
    }
  }
}